
Microsoft Visual Studio Solution File, Format Version 12.00
# Visual Studio Version 16
VisualStudioVersion = 16.0.30611.23
MinimumVisualStudioVersion = 10.0.40219.1
Project("{FAE04EC0-301F-11D3-BF4B-00C04F79EFBC}") = "Cercuri", "Cercuri\Cercuri.csproj", "{0A2758B0-F71F-4992-8E10-B5B2B572AF26}"
EndProject
Global
	GlobalSection(SolutionConfigurationPlatforms) = preSolution
		Debug|Any CPU = Debug|Any CPU
		Release|Any CPU = Release|Any CPU
	EndGlobalSection
	GlobalSection(ProjectConfigurationPlatforms) = postSolution
		{0A2758B0-F71F-4992-8E10-B5B2B572AF26}.Debug|Any CPU.ActiveCfg = Debug|Any CPU
		{0A2758B0-F71F-4992-8E10-B5B2B572AF26}.Debug|Any CPU.Build.0 = Debug|Any CPU
		{0A2758B0-F71F-4992-8E10-B5B2B572AF26}.Release|Any CPU.ActiveCfg = Release|Any CPU
		{0A2758B0-F71F-4992-8E10-B5B2B572AF26}.Release|Any CPU.Build.0 = Release|Any CPU
	EndGlobalSection
	GlobalSection(SolutionProperties) = preSolution
		HideSolutionNode = FALSE
	EndGlobalSection
	GlobalSection(ExtensibilityGlobals) = postSolution
		SolutionGuid = {98F54542-0956-4AFB-9DA9-997A7673BFCE}
	EndGlobalSection
EndGlobal
