
Microsoft Visual Studio Solution File, Format Version 12.00
# Visual Studio Version 16
VisualStudioVersion = 16.0.30611.23
MinimumVisualStudioVersion = 10.0.40219.1
Project("{FAE04EC0-301F-11D3-BF4B-00C04F79EFBC}") = "Dispersie", "Dispersie\Dispersie.csproj", "{7898C3E7-EEE8-4187-98D1-5D218C6A1A01}"
EndProject
Global
	GlobalSection(SolutionConfigurationPlatforms) = preSolution
		Debug|Any CPU = Debug|Any CPU
		Release|Any CPU = Release|Any CPU
	EndGlobalSection
	GlobalSection(ProjectConfigurationPlatforms) = postSolution
		{7898C3E7-EEE8-4187-98D1-5D218C6A1A01}.Debug|Any CPU.ActiveCfg = Debug|Any CPU
		{7898C3E7-EEE8-4187-98D1-5D218C6A1A01}.Debug|Any CPU.Build.0 = Debug|Any CPU
		{7898C3E7-EEE8-4187-98D1-5D218C6A1A01}.Release|Any CPU.ActiveCfg = Release|Any CPU
		{7898C3E7-EEE8-4187-98D1-5D218C6A1A01}.Release|Any CPU.Build.0 = Release|Any CPU
	EndGlobalSection
	GlobalSection(SolutionProperties) = preSolution
		HideSolutionNode = FALSE
	EndGlobalSection
	GlobalSection(ExtensibilityGlobals) = postSolution
		SolutionGuid = {3EC2DE57-4B98-4563-8CC7-73F8F5A7354A}
	EndGlobalSection
EndGlobal
